
Microsoft Visual Studio Solution File, Format Version 12.00
# Visual Studio Version 17
VisualStudioVersion = 17.3.32505.426
MinimumVisualStudioVersion = 10.0.40219.1
Project("{FAE04EC0-301F-11D3-BF4B-00C04F79EFBC}") = "Mimas.Server.Web", "Mimas.Server.Web\Mimas.Server.Web.csproj", "{A70A5D2B-CE40-4944-AE28-58B981DF9C23}"
EndProject
Global
	GlobalSection(SolutionConfigurationPlatforms) = preSolution
		Debug|Any CPU = Debug|Any CPU
		Release|Any CPU = Release|Any CPU
	EndGlobalSection
	GlobalSection(ProjectConfigurationPlatforms) = postSolution
		{A70A5D2B-CE40-4944-AE28-58B981DF9C23}.Debug|Any CPU.ActiveCfg = Debug|Any CPU
		{A70A5D2B-CE40-4944-AE28-58B981DF9C23}.Debug|Any CPU.Build.0 = Debug|Any CPU
		{A70A5D2B-CE40-4944-AE28-58B981DF9C23}.Release|Any CPU.ActiveCfg = Release|Any CPU
		{A70A5D2B-CE40-4944-AE28-58B981DF9C23}.Release|Any CPU.Build.0 = Release|Any CPU
	EndGlobalSection
	GlobalSection(SolutionProperties) = preSolution
		HideSolutionNode = FALSE
	EndGlobalSection
	GlobalSection(ExtensibilityGlobals) = postSolution
		SolutionGuid = {3D538EE5-1AAA-456A-97DC-AD83374EBD93}
	EndGlobalSection
EndGlobal
